
Microsoft Visual Studio Solution File, Format Version 12.00
# Visual Studio Version 17
VisualStudioVersion = 17.5.002.0
MinimumVisualStudioVersion = 10.0.40219.1
Project("{9A19103F-16F7-4668-BE54-9A1E7A4F7556}") = "BuzzFreed", "BuzzFreed\BuzzFreed.csproj", "{C0CED756-9BB9-4FC0-9E8F-B27B99FE8E3F}"
EndProject
Global
	GlobalSection(SolutionConfigurationPlatforms) = preSolution
		Debug|Any CPU = Debug|Any CPU
		Release|Any CPU = Release|Any CPU
	EndGlobalSection
	GlobalSection(ProjectConfigurationPlatforms) = postSolution
		{C0CED756-9BB9-4FC0-9E8F-B27B99FE8E3F}.Debug|Any CPU.ActiveCfg = Debug|Any CPU
		{C0CED756-9BB9-4FC0-9E8F-B27B99FE8E3F}.Debug|Any CPU.Build.0 = Debug|Any CPU
		{C0CED756-9BB9-4FC0-9E8F-B27B99FE8E3F}.Release|Any CPU.ActiveCfg = Release|Any CPU
		{C0CED756-9BB9-4FC0-9E8F-B27B99FE8E3F}.Release|Any CPU.Build.0 = Release|Any CPU
	EndGlobalSection
	GlobalSection(SolutionProperties) = preSolution
		HideSolutionNode = FALSE
	EndGlobalSection
	GlobalSection(ExtensibilityGlobals) = postSolution
		SolutionGuid = {35E89BAB-310F-4819-8F15-14BBFDA71A02}
	EndGlobalSection
EndGlobal
